<?xml version="1.0" encoding="utf-8"?>
<Project ToolsVersion="4.0" xmlns="http://schemas.microsoft.com/developer/msbuild/2003">
  <ItemGroup>
    <Filter Include="Source Files">
      <UniqueIdentifier>{39809988-633e-430a-9c0a-b20c3ad4b961}</UniqueIdentifier>
      <Extensions>cpp;c;cxx;def;odl;idl;hpj;bat;asm</Extensions>
    </Filter>
    <Filter Include="Header Files">
      <UniqueIdentifier>{f27a8c79-2df2-4d5a-8397-f7e6e7832f66}</UniqueIdentifier>
      <Extensions>h;hpp;hxx;hm;inl;inc</Extensions>
    </Filter>
    <Filter Include="Resource Files">
      <UniqueIdentifier>{af24be8b-36fc-48c4-9e1d-8cf54ff6f438}</UniqueIdentifier>
      <Extensions>rc;ico;cur;bmp;dlg;rc2;rct;bin;rgs;jpg;jpeg;jpe;manifest</Extensions>
    </Filter>
  </ItemGroup>
  <ItemGroup>
    <ClCompile Include="stdafx.cpp">
      <Filter>Source Files</Filter>
    </ClCompile>
    <ClCompile Include="other\entities.cpp">
      <Filter>Source Files</Filter>
    </ClCompile>
    <ClCompile Include="symcalc.cpp">
      <Filter>Source Files</Filter>
    </ClCompile>
  </ItemGroup>
  <ItemGroup>
    <ClInclude Include="stdafx.h">
      <Filter>Header Files</Filter>
    </ClInclude>
    <ClInclude Include="MainDlg.h">
      <Filter>Header Files</Filter>
    </ClInclude>
    <ClInclude Include="resource.h">
      <Filter>Header Files</Filter>
    </ClInclude>
    <ClInclude Include="WtlAero.h">
      <Filter>Header Files</Filter>
    </ClInclude>
    <ClInclude Include="expr_render.h">
      <Filter>Header Files</Filter>
    </ClInclude>
    <ClInclude Include="other\entities.h">
      <Filter>Header Files</Filter>
    </ClInclude>
    <ClInclude Include="other\libreformath.h">
      <Filter>Header Files</Filter>
    </ClInclude>
    <ClInclude Include="other\nanosvg.h">
      <Filter>Header Files</Filter>
    </ClInclude>
    <ClInclude Include="other\nanosvgrast.h">
      <Filter>Header Files</Filter>
    </ClInclude>
  </ItemGroup>
  <ItemGroup>
    <ResourceCompile Include="symcalc.rc">
      <Filter>Resource Files</Filter>
    </ResourceCompile>
  </ItemGroup>
  <ItemGroup>
    <Image Include="res\symcalc.ico">
      <Filter>Resource Files</Filter>
    </Image>
  </ItemGroup>
</Project>